PODS:
  - CountryPickerView (3.0.6)

DEPENDENCIES:
  - CountryPickerView (from `../`)

EXTERNAL SOURCES:
  CountryPickerView:
    :path: "../"

SPEC CHECKSUMS:
  CountryPickerView: 87dfc6db7167054bafdd3a49bce93254ae8a62f4

PODFILE CHECKSUM: 649829ad9a32abd953e33364dc48a4a40a615047

COCOAPODS: 1.8.4
